
Microsoft Visual Studio Solution File, Format Version 12.00
# Visual Studio Version 17
VisualStudioVersion = 17.0.32112.339
MinimumVisualStudioVersion = 10.0.40219.1
Project("{FAE04EC0-301F-11D3-BF4B-00C04F79EFBC}") = "pa4.Presentation", "pa4.Presentation\pa4.Presentation.csproj", "{7AF6E409-9DC3-48DD-8900-26D3103A3499}"
EndProject
Project("{FAE04EC0-301F-11D3-BF4B-00C04F79EFBC}") = "pa2.Algorithm", "pa2.Algorithm\pa2.Algorithm.csproj", "{032E64D7-3D9D-4183-BDD5-D4586A4AD37E}"
EndProject
Global
	GlobalSection(SolutionConfigurationPlatforms) = preSolution
		Debug|Any CPU = Debug|Any CPU
		Release|Any CPU = Release|Any CPU
	EndGlobalSection
	GlobalSection(ProjectConfigurationPlatforms) = postSolution
		{7AF6E409-9DC3-48DD-8900-26D3103A3499}.Debug|Any CPU.ActiveCfg = Debug|Any CPU
		{7AF6E409-9DC3-48DD-8900-26D3103A3499}.Debug|Any CPU.Build.0 = Debug|Any CPU
		{7AF6E409-9DC3-48DD-8900-26D3103A3499}.Release|Any CPU.ActiveCfg = Release|Any CPU
		{7AF6E409-9DC3-48DD-8900-26D3103A3499}.Release|Any CPU.Build.0 = Release|Any CPU
		{032E64D7-3D9D-4183-BDD5-D4586A4AD37E}.Debug|Any CPU.ActiveCfg = Debug|Any CPU
		{032E64D7-3D9D-4183-BDD5-D4586A4AD37E}.Debug|Any CPU.Build.0 = Debug|Any CPU
		{032E64D7-3D9D-4183-BDD5-D4586A4AD37E}.Release|Any CPU.ActiveCfg = Release|Any CPU
		{032E64D7-3D9D-4183-BDD5-D4586A4AD37E}.Release|Any CPU.Build.0 = Release|Any CPU
	EndGlobalSection
	GlobalSection(SolutionProperties) = preSolution
		HideSolutionNode = FALSE
	EndGlobalSection
	GlobalSection(ExtensibilityGlobals) = postSolution
		SolutionGuid = {E133C3F1-E4F2-48DD-9006-008A9A93F18D}
	EndGlobalSection
EndGlobal
